
Microsoft Visual Studio Solution File, Format Version 12.00
# Visual Studio 15
VisualStudioVersion = 15.0.27130.2010
MinimumVisualStudioVersion = 10.0.40219.1
Project("{FAE04EC0-301F-11D3-BF4B-00C04F79EFBC}") = "TaskExecutorUI", "TaskExecutorUI\TaskExecutorUI.csproj", "{78B16805-88D9-4385-A2CD-06ECACFCEF95}"
EndProject
Project("{FAE04EC0-301F-11D3-BF4B-00C04F79EFBC}") = "TasksLib", "TasksLib\TasksLib.csproj", "{065575E2-B837-4E21-813E-FFE6696134DF}"
EndProject
Global
	GlobalSection(SolutionConfigurationPlatforms) = preSolution
		Debug|Any CPU = Debug|Any CPU
		Release|Any CPU = Release|Any CPU
	EndGlobalSection
	GlobalSection(ProjectConfigurationPlatforms) = postSolution
		{78B16805-88D9-4385-A2CD-06ECACFCEF95}.Debug|Any CPU.ActiveCfg = Debug|Any CPU
		{78B16805-88D9-4385-A2CD-06ECACFCEF95}.Debug|Any CPU.Build.0 = Debug|Any CPU
		{78B16805-88D9-4385-A2CD-06ECACFCEF95}.Release|Any CPU.ActiveCfg = Release|Any CPU
		{78B16805-88D9-4385-A2CD-06ECACFCEF95}.Release|Any CPU.Build.0 = Release|Any CPU
		{065575E2-B837-4E21-813E-FFE6696134DF}.Debug|Any CPU.ActiveCfg = Debug|Any CPU
		{065575E2-B837-4E21-813E-FFE6696134DF}.Debug|Any CPU.Build.0 = Debug|Any CPU
		{065575E2-B837-4E21-813E-FFE6696134DF}.Release|Any CPU.ActiveCfg = Release|Any CPU
		{065575E2-B837-4E21-813E-FFE6696134DF}.Release|Any CPU.Build.0 = Release|Any CPU
	EndGlobalSection
	GlobalSection(SolutionProperties) = preSolution
		HideSolutionNode = FALSE
	EndGlobalSection
	GlobalSection(ExtensibilityGlobals) = postSolution
		SolutionGuid = {09F2A422-85DE-4556-8890-3423B1F9B1A1}
	EndGlobalSection
EndGlobal
